
Microsoft Visual Studio Solution File, Format Version 12.00
# Visual Studio 14
VisualStudioVersion = 14.0.25123.0
MinimumVisualStudioVersion = 10.0.40219.1
Project("{FAE04EC0-301F-11D3-BF4B-00C04F79EFBC}") = "eManager.Domain", "eManager.Domain\eManager.Domain.csproj", "{D67FE322-C4A8-4C61-97C8-83104CB6A939}"
EndProject
Project("{FAE04EC0-301F-11D3-BF4B-00C04F79EFBC}") = "eManager.Web", "eManager.Web\eManager.Web.csproj", "{F6427187-471F-4C4B-9F58-373397A53D90}"
EndProject
Project("{2150E333-8FDC-42A3-9474-1A3956D46DE8}") = "NewFolder1", "NewFolder1", "{C847B509-607F-4E44-9CDD-0395FE8A28C3}"
	ProjectSection(SolutionItems) = preProject
		ReadMe.txt = ReadMe.txt
	EndProjectSection
EndProject
Global
	GlobalSection(SolutionConfigurationPlatforms) = preSolution
		Debug|Any CPU = Debug|Any CPU
		Release|Any CPU = Release|Any CPU
	EndGlobalSection
	GlobalSection(ProjectConfigurationPlatforms) = postSolution
		{D67FE322-C4A8-4C61-97C8-83104CB6A939}.Debug|Any CPU.ActiveCfg = Debug|Any CPU
		{D67FE322-C4A8-4C61-97C8-83104CB6A939}.Debug|Any CPU.Build.0 = Debug|Any CPU
		{D67FE322-C4A8-4C61-97C8-83104CB6A939}.Release|Any CPU.ActiveCfg = Release|Any CPU
		{D67FE322-C4A8-4C61-97C8-83104CB6A939}.Release|Any CPU.Build.0 = Release|Any CPU
		{F6427187-471F-4C4B-9F58-373397A53D90}.Debug|Any CPU.ActiveCfg = Debug|Any CPU
		{F6427187-471F-4C4B-9F58-373397A53D90}.Debug|Any CPU.Build.0 = Debug|Any CPU
		{F6427187-471F-4C4B-9F58-373397A53D90}.Release|Any CPU.ActiveCfg = Release|Any CPU
		{F6427187-471F-4C4B-9F58-373397A53D90}.Release|Any CPU.Build.0 = Release|Any CPU
	EndGlobalSection
	GlobalSection(SolutionProperties) = preSolution
		HideSolutionNode = FALSE
	EndGlobalSection
EndGlobal
